
Microsoft Visual Studio Solution File, Format Version 12.00
# Visual Studio 15
VisualStudioVersion = 15.0.27130.2027
MinimumVisualStudioVersion = 10.0.40219.1
Project("{FAE04EC0-301F-11D3-BF4B-00C04F79EFBC}") = "Autocomplete.Amazon", "Autocomplete.Amazon\Autocomplete.Amazon.csproj", "{0027D98C-140E-45B2-ABCF-1B25179AB2ED}"
EndProject
Project("{FAE04EC0-301F-11D3-BF4B-00C04F79EFBC}") = "Autocomplete.Console", "Autocomplete.Console\Autocomplete.Console.csproj", "{2680C1EA-EE75-40A0-A926-C71C67F54005}"
EndProject
Project("{FAE04EC0-301F-11D3-BF4B-00C04F79EFBC}") = "Autocomplete.Common", "Autocomplete.Common\Autocomplete.Common.csproj", "{EECE9796-E871-4A42-8981-DD0696CCB02A}"
EndProject
Global
	GlobalSection(SolutionConfigurationPlatforms) = preSolution
		Debug|Any CPU = Debug|Any CPU
		Release|Any CPU = Release|Any CPU
	EndGlobalSection
	GlobalSection(ProjectConfigurationPlatforms) = postSolution
		{0027D98C-140E-45B2-ABCF-1B25179AB2ED}.Debug|Any CPU.ActiveCfg = Debug|Any CPU
		{0027D98C-140E-45B2-ABCF-1B25179AB2ED}.Debug|Any CPU.Build.0 = Debug|Any CPU
		{0027D98C-140E-45B2-ABCF-1B25179AB2ED}.Release|Any CPU.ActiveCfg = Release|Any CPU
		{0027D98C-140E-45B2-ABCF-1B25179AB2ED}.Release|Any CPU.Build.0 = Release|Any CPU
		{2680C1EA-EE75-40A0-A926-C71C67F54005}.Debug|Any CPU.ActiveCfg = Debug|Any CPU
		{2680C1EA-EE75-40A0-A926-C71C67F54005}.Debug|Any CPU.Build.0 = Debug|Any CPU
		{2680C1EA-EE75-40A0-A926-C71C67F54005}.Release|Any CPU.ActiveCfg = Release|Any CPU
		{2680C1EA-EE75-40A0-A926-C71C67F54005}.Release|Any CPU.Build.0 = Release|Any CPU
		{EECE9796-E871-4A42-8981-DD0696CCB02A}.Debug|Any CPU.ActiveCfg = Debug|Any CPU
		{EECE9796-E871-4A42-8981-DD0696CCB02A}.Debug|Any CPU.Build.0 = Debug|Any CPU
		{EECE9796-E871-4A42-8981-DD0696CCB02A}.Release|Any CPU.ActiveCfg = Release|Any CPU
		{EECE9796-E871-4A42-8981-DD0696CCB02A}.Release|Any CPU.Build.0 = Release|Any CPU
	EndGlobalSection
	GlobalSection(SolutionProperties) = preSolution
		HideSolutionNode = FALSE
	EndGlobalSection
	GlobalSection(ExtensibilityGlobals) = postSolution
		SolutionGuid = {A79881F0-46AA-4282-AF65-EB03A4EC165F}
	EndGlobalSection
EndGlobal
